
Microsoft Visual Studio Solution File, Format Version 12.00
# Visual Studio 14
VisualStudioVersion = 14.0.25420.1
MinimumVisualStudioVersion = 10.0.40219.1
Project("{D954291E-2A0B-460D-934E-DC6B0785DB48}") = "XTDT.Shared", "XTDT.Shared\XTDT.Shared.shproj", "{96C9D272-E64F-478B-8FFE-5C6FEE8799F9}"
EndProject
Project("{FAE04EC0-301F-11D3-BF4B-00C04F79EFBC}") = "XTDT.UWP", "XTDT.UWP\XTDT.UWP.csproj", "{BD635CEF-8A32-4E26-8D94-0E2574458144}"
EndProject
Global
	GlobalSection(SharedMSBuildProjectFiles) = preSolution
		XTDT.Shared\XTDT.Shared.projitems*{96c9d272-e64f-478b-8ffe-5c6fee8799f9}*SharedItemsImports = 13
		XTDT.Shared\XTDT.Shared.projitems*{bd635cef-8a32-4e26-8d94-0e2574458144}*SharedItemsImports = 4
	EndGlobalSection
	GlobalSection(SolutionConfigurationPlatforms) = preSolution
		Debug|ARM = Debug|ARM
		Debug|x64 = Debug|x64
		Debug|x86 = Debug|x86
		Release|ARM = Release|ARM
		Release|x64 = Release|x64
		Release|x86 = Release|x86
	EndGlobalSection
	GlobalSection(ProjectConfigurationPlatforms) = postSolution
		{BD635CEF-8A32-4E26-8D94-0E2574458144}.Debug|ARM.ActiveCfg = Debug|ARM
		{BD635CEF-8A32-4E26-8D94-0E2574458144}.Debug|ARM.Build.0 = Debug|ARM
		{BD635CEF-8A32-4E26-8D94-0E2574458144}.Debug|ARM.Deploy.0 = Debug|ARM
		{BD635CEF-8A32-4E26-8D94-0E2574458144}.Debug|x64.ActiveCfg = Debug|x64
		{BD635CEF-8A32-4E26-8D94-0E2574458144}.Debug|x64.Build.0 = Debug|x64
		{BD635CEF-8A32-4E26-8D94-0E2574458144}.Debug|x64.Deploy.0 = Debug|x64
		{BD635CEF-8A32-4E26-8D94-0E2574458144}.Debug|x86.ActiveCfg = Debug|x64
		{BD635CEF-8A32-4E26-8D94-0E2574458144}.Debug|x86.Build.0 = Debug|x64
		{BD635CEF-8A32-4E26-8D94-0E2574458144}.Debug|x86.Deploy.0 = Debug|x64
		{BD635CEF-8A32-4E26-8D94-0E2574458144}.Release|ARM.ActiveCfg = Release|ARM
		{BD635CEF-8A32-4E26-8D94-0E2574458144}.Release|ARM.Build.0 = Release|ARM
		{BD635CEF-8A32-4E26-8D94-0E2574458144}.Release|ARM.Deploy.0 = Release|ARM
		{BD635CEF-8A32-4E26-8D94-0E2574458144}.Release|x64.ActiveCfg = Release|x64
		{BD635CEF-8A32-4E26-8D94-0E2574458144}.Release|x64.Build.0 = Release|x64
		{BD635CEF-8A32-4E26-8D94-0E2574458144}.Release|x64.Deploy.0 = Release|x64
		{BD635CEF-8A32-4E26-8D94-0E2574458144}.Release|x86.ActiveCfg = Release|x86
		{BD635CEF-8A32-4E26-8D94-0E2574458144}.Release|x86.Build.0 = Release|x86
		{BD635CEF-8A32-4E26-8D94-0E2574458144}.Release|x86.Deploy.0 = Release|x86
	EndGlobalSection
	GlobalSection(SolutionProperties) = preSolution
		HideSolutionNode = FALSE
	EndGlobalSection
EndGlobal
