
Microsoft Visual Studio Solution File, Format Version 12.00
# Visual Studio 14
VisualStudioVersion = 14.0.25420.1
MinimumVisualStudioVersion = 10.0.40219.1
Project("{FAE04EC0-301F-11D3-BF4B-00C04F79EFBC}") = "TDTX.Droid", "TDTX\TDTX.Droid\TDTX.Droid.csproj", "{06E01BCF-9760-4120-884E-47093A3D3608}"
EndProject
Project("{FAE04EC0-301F-11D3-BF4B-00C04F79EFBC}") = "TDTX.UWP", "TDTX\TDTX.UWP\TDTX.UWP.csproj", "{DE3EDDCC-5DB9-47CA-9E76-D044340DC48A}"
EndProject
Project("{D954291E-2A0B-460D-934E-DC6B0785DB48}") = "TDTX", "TDTX\TDTX\TDTX.shproj", "{B7C7148B-0A46-4A48-B100-B57C84528A03}"
EndProject
Project("{FAE04EC0-301F-11D3-BF4B-00C04F79EFBC}") = "TDTX.Portable", "TDTX.Portable\TDTX.Portable.csproj", "{67F9D3A8-F71E-4428-913F-C37AE82CDB24}"
EndProject
Global
	GlobalSection(SharedMSBuildProjectFiles) = preSolution
		TDTX\TDTX\TDTX.projitems*{06e01bcf-9760-4120-884e-47093a3d3608}*SharedItemsImports = 4
		TDTX\TDTX\TDTX.projitems*{b7c7148b-0a46-4a48-b100-b57c84528a03}*SharedItemsImports = 13
		TDTX\TDTX\TDTX.projitems*{de3eddcc-5db9-47ca-9e76-d044340dc48a}*SharedItemsImports = 4
	EndGlobalSection
	GlobalSection(SolutionConfigurationPlatforms) = preSolution
		Ad-Hoc|Any CPU = Ad-Hoc|Any CPU
		Ad-Hoc|ARM = Ad-Hoc|ARM
		Ad-Hoc|iPhone = Ad-Hoc|iPhone
		Ad-Hoc|iPhoneSimulator = Ad-Hoc|iPhoneSimulator
		Ad-Hoc|x64 = Ad-Hoc|x64
		Ad-Hoc|x86 = Ad-Hoc|x86
		AppStore|Any CPU = AppStore|Any CPU
		AppStore|ARM = AppStore|ARM
		AppStore|iPhone = AppStore|iPhone
		AppStore|iPhoneSimulator = AppStore|iPhoneSimulator
		AppStore|x64 = AppStore|x64
		AppStore|x86 = AppStore|x86
		Debug|Any CPU = Debug|Any CPU
		Debug|ARM = Debug|ARM
		Debug|iPhone = Debug|iPhone
		Debug|iPhoneSimulator = Debug|iPhoneSimulator
		Debug|x64 = Debug|x64
		Debug|x86 = Debug|x86
		Release|Any CPU = Release|Any CPU
		Release|ARM = Release|ARM
		Release|iPhone = Release|iPhone
		Release|iPhoneSimulator = Release|iPhoneSimulator
		Release|x64 = Release|x64
		Release|x86 = Release|x86
	EndGlobalSection
	GlobalSection(ProjectConfigurationPlatforms) = postSolution
		{06E01BCF-9760-4120-884E-47093A3D3608}.Ad-Hoc|Any CPU.ActiveCfg = Release|Any CPU
		{06E01BCF-9760-4120-884E-47093A3D3608}.Ad-Hoc|Any CPU.Build.0 = Release|Any CPU
		{06E01BCF-9760-4120-884E-47093A3D3608}.Ad-Hoc|Any CPU.Deploy.0 = Release|Any CPU
		{06E01BCF-9760-4120-884E-47093A3D3608}.Ad-Hoc|ARM.ActiveCfg = Release|Any CPU
		{06E01BCF-9760-4120-884E-47093A3D3608}.Ad-Hoc|ARM.Build.0 = Release|Any CPU
		{06E01BCF-9760-4120-884E-47093A3D3608}.Ad-Hoc|ARM.Deploy.0 = Release|Any CPU
		{06E01BCF-9760-4120-884E-47093A3D3608}.Ad-Hoc|iPhone.ActiveCfg = Release|Any CPU
		{06E01BCF-9760-4120-884E-47093A3D3608}.Ad-Hoc|iPhone.Build.0 = Release|Any CPU
		{06E01BCF-9760-4120-884E-47093A3D3608}.Ad-Hoc|iPhone.Deploy.0 = Release|Any CPU
		{06E01BCF-9760-4120-884E-47093A3D3608}.Ad-Hoc|iPhoneSimulator.ActiveCfg = Release|Any CPU
		{06E01BCF-9760-4120-884E-47093A3D3608}.Ad-Hoc|iPhoneSimulator.Build.0 = Release|Any CPU
		{06E01BCF-9760-4120-884E-47093A3D3608}.Ad-Hoc|iPhoneSimulator.Deploy.0 = Release|Any CPU
		{06E01BCF-9760-4120-884E-47093A3D3608}.Ad-Hoc|x64.ActiveCfg = Release|Any CPU
		{06E01BCF-9760-4120-884E-47093A3D3608}.Ad-Hoc|x64.Build.0 = Release|Any CPU
		{06E01BCF-9760-4120-884E-47093A3D3608}.Ad-Hoc|x64.Deploy.0 = Release|Any CPU
		{06E01BCF-9760-4120-884E-47093A3D3608}.Ad-Hoc|x86.ActiveCfg = Release|Any CPU
		{06E01BCF-9760-4120-884E-47093A3D3608}.Ad-Hoc|x86.Build.0 = Release|Any CPU
		{06E01BCF-9760-4120-884E-47093A3D3608}.Ad-Hoc|x86.Deploy.0 = Release|Any CPU
		{06E01BCF-9760-4120-884E-47093A3D3608}.AppStore|Any CPU.ActiveCfg = Release|Any CPU
		{06E01BCF-9760-4120-884E-47093A3D3608}.AppStore|Any CPU.Build.0 = Release|Any CPU
		{06E01BCF-9760-4120-884E-47093A3D3608}.AppStore|Any CPU.Deploy.0 = Release|Any CPU
		{06E01BCF-9760-4120-884E-47093A3D3608}.AppStore|ARM.ActiveCfg = Release|Any CPU
		{06E01BCF-9760-4120-884E-47093A3D3608}.AppStore|ARM.Build.0 = Release|Any CPU
		{06E01BCF-9760-4120-884E-47093A3D3608}.AppStore|ARM.Deploy.0 = Release|Any CPU
		{06E01BCF-9760-4120-884E-47093A3D3608}.AppStore|iPhone.ActiveCfg = Release|Any CPU
		{06E01BCF-9760-4120-884E-47093A3D3608}.AppStore|iPhone.Build.0 = Release|Any CPU
		{06E01BCF-9760-4120-884E-47093A3D3608}.AppStore|iPhone.Deploy.0 = Release|Any CPU
		{06E01BCF-9760-4120-884E-47093A3D3608}.AppStore|iPhoneSimulator.ActiveCfg = Release|Any CPU
		{06E01BCF-9760-4120-884E-47093A3D3608}.AppStore|iPhoneSimulator.Build.0 = Release|Any CPU
		{06E01BCF-9760-4120-884E-47093A3D3608}.AppStore|iPhoneSimulator.Deploy.0 = Release|Any CPU
		{06E01BCF-9760-4120-884E-47093A3D3608}.AppStore|x64.ActiveCfg = Release|Any CPU
		{06E01BCF-9760-4120-884E-47093A3D3608}.AppStore|x64.Build.0 = Release|Any CPU
		{06E01BCF-9760-4120-884E-47093A3D3608}.AppStore|x64.Deploy.0 = Release|Any CPU
		{06E01BCF-9760-4120-884E-47093A3D3608}.AppStore|x86.ActiveCfg = Release|Any CPU
		{06E01BCF-9760-4120-884E-47093A3D3608}.AppStore|x86.Build.0 = Release|Any CPU
		{06E01BCF-9760-4120-884E-47093A3D3608}.AppStore|x86.Deploy.0 = Release|Any CPU
		{06E01BCF-9760-4120-884E-47093A3D3608}.Debug|Any CPU.ActiveCfg = Debug|Any CPU
		{06E01BCF-9760-4120-884E-47093A3D3608}.Debug|Any CPU.Build.0 = Debug|Any CPU
		{06E01BCF-9760-4120-884E-47093A3D3608}.Debug|ARM.ActiveCfg = Debug|Any CPU
		{06E01BCF-9760-4120-884E-47093A3D3608}.Debug|ARM.Build.0 = Debug|Any CPU
		{06E01BCF-9760-4120-884E-47093A3D3608}.Debug|ARM.Deploy.0 = Debug|Any CPU
		{06E01BCF-9760-4120-884E-47093A3D3608}.Debug|iPhone.ActiveCfg = Debug|Any CPU
		{06E01BCF-9760-4120-884E-47093A3D3608}.Debug|iPhone.Build.0 = Debug|Any CPU
		{06E01BCF-9760-4120-884E-47093A3D3608}.Debug|iPhone.Deploy.0 = Debug|Any CPU
		{06E01BCF-9760-4120-884E-47093A3D3608}.Debug|iPhoneSimulator.ActiveCfg = Debug|Any CPU
		{06E01BCF-9760-4120-884E-47093A3D3608}.Debug|iPhoneSimulator.Build.0 = Debug|Any CPU
		{06E01BCF-9760-4120-884E-47093A3D3608}.Debug|iPhoneSimulator.Deploy.0 = Debug|Any CPU
		{06E01BCF-9760-4120-884E-47093A3D3608}.Debug|x64.ActiveCfg = Debug|Any CPU
		{06E01BCF-9760-4120-884E-47093A3D3608}.Debug|x64.Build.0 = Debug|Any CPU
		{06E01BCF-9760-4120-884E-47093A3D3608}.Debug|x64.Deploy.0 = Debug|Any CPU
		{06E01BCF-9760-4120-884E-47093A3D3608}.Debug|x86.ActiveCfg = Debug|Any CPU
		{06E01BCF-9760-4120-884E-47093A3D3608}.Debug|x86.Build.0 = Debug|Any CPU
		{06E01BCF-9760-4120-884E-47093A3D3608}.Release|Any CPU.ActiveCfg = Release|Any CPU
		{06E01BCF-9760-4120-884E-47093A3D3608}.Release|Any CPU.Build.0 = Release|Any CPU
		{06E01BCF-9760-4120-884E-47093A3D3608}.Release|Any CPU.Deploy.0 = Release|Any CPU
		{06E01BCF-9760-4120-884E-47093A3D3608}.Release|ARM.ActiveCfg = Release|Any CPU
		{06E01BCF-9760-4120-884E-47093A3D3608}.Release|ARM.Build.0 = Release|Any CPU
		{06E01BCF-9760-4120-884E-47093A3D3608}.Release|ARM.Deploy.0 = Release|Any CPU
		{06E01BCF-9760-4120-884E-47093A3D3608}.Release|iPhone.ActiveCfg = Release|Any CPU
		{06E01BCF-9760-4120-884E-47093A3D3608}.Release|iPhone.Build.0 = Release|Any CPU
		{06E01BCF-9760-4120-884E-47093A3D3608}.Release|iPhone.Deploy.0 = Release|Any CPU
		{06E01BCF-9760-4120-884E-47093A3D3608}.Release|iPhoneSimulator.ActiveCfg = Release|Any CPU
		{06E01BCF-9760-4120-884E-47093A3D3608}.Release|iPhoneSimulator.Build.0 = Release|Any CPU
		{06E01BCF-9760-4120-884E-47093A3D3608}.Release|iPhoneSimulator.Deploy.0 = Release|Any CPU
		{06E01BCF-9760-4120-884E-47093A3D3608}.Release|x64.ActiveCfg = Release|Any CPU
		{06E01BCF-9760-4120-884E-47093A3D3608}.Release|x64.Build.0 = Release|Any CPU
		{06E01BCF-9760-4120-884E-47093A3D3608}.Release|x64.Deploy.0 = Release|Any CPU
		{06E01BCF-9760-4120-884E-47093A3D3608}.Release|x86.ActiveCfg = Release|Any CPU
		{06E01BCF-9760-4120-884E-47093A3D3608}.Release|x86.Build.0 = Release|Any CPU
		{06E01BCF-9760-4120-884E-47093A3D3608}.Release|x86.Deploy.0 = Release|Any CPU
		{DE3EDDCC-5DB9-47CA-9E76-D044340DC48A}.Ad-Hoc|Any CPU.ActiveCfg = Release|x86
		{DE3EDDCC-5DB9-47CA-9E76-D044340DC48A}.Ad-Hoc|Any CPU.Build.0 = Release|x86
		{DE3EDDCC-5DB9-47CA-9E76-D044340DC48A}.Ad-Hoc|Any CPU.Deploy.0 = Release|x86
		{DE3EDDCC-5DB9-47CA-9E76-D044340DC48A}.Ad-Hoc|ARM.ActiveCfg = Release|ARM
		{DE3EDDCC-5DB9-47CA-9E76-D044340DC48A}.Ad-Hoc|ARM.Build.0 = Release|ARM
		{DE3EDDCC-5DB9-47CA-9E76-D044340DC48A}.Ad-Hoc|ARM.Deploy.0 = Release|ARM
		{DE3EDDCC-5DB9-47CA-9E76-D044340DC48A}.Ad-Hoc|iPhone.ActiveCfg = Release|x86
		{DE3EDDCC-5DB9-47CA-9E76-D044340DC48A}.Ad-Hoc|iPhone.Build.0 = Release|x86
		{DE3EDDCC-5DB9-47CA-9E76-D044340DC48A}.Ad-Hoc|iPhone.Deploy.0 = Release|x86
		{DE3EDDCC-5DB9-47CA-9E76-D044340DC48A}.Ad-Hoc|iPhoneSimulator.ActiveCfg = Release|x86
		{DE3EDDCC-5DB9-47CA-9E76-D044340DC48A}.Ad-Hoc|iPhoneSimulator.Build.0 = Release|x86
		{DE3EDDCC-5DB9-47CA-9E76-D044340DC48A}.Ad-Hoc|iPhoneSimulator.Deploy.0 = Release|x86
		{DE3EDDCC-5DB9-47CA-9E76-D044340DC48A}.Ad-Hoc|x64.ActiveCfg = Release|x64
		{DE3EDDCC-5DB9-47CA-9E76-D044340DC48A}.Ad-Hoc|x64.Build.0 = Release|x64
		{DE3EDDCC-5DB9-47CA-9E76-D044340DC48A}.Ad-Hoc|x64.Deploy.0 = Release|x64
		{DE3EDDCC-5DB9-47CA-9E76-D044340DC48A}.Ad-Hoc|x86.ActiveCfg = Release|x86
		{DE3EDDCC-5DB9-47CA-9E76-D044340DC48A}.Ad-Hoc|x86.Build.0 = Release|x86
		{DE3EDDCC-5DB9-47CA-9E76-D044340DC48A}.Ad-Hoc|x86.Deploy.0 = Release|x86
		{DE3EDDCC-5DB9-47CA-9E76-D044340DC48A}.AppStore|Any CPU.ActiveCfg = Release|x86
		{DE3EDDCC-5DB9-47CA-9E76-D044340DC48A}.AppStore|Any CPU.Build.0 = Release|x86
		{DE3EDDCC-5DB9-47CA-9E76-D044340DC48A}.AppStore|Any CPU.Deploy.0 = Release|x86
		{DE3EDDCC-5DB9-47CA-9E76-D044340DC48A}.AppStore|ARM.ActiveCfg = Release|ARM
		{DE3EDDCC-5DB9-47CA-9E76-D044340DC48A}.AppStore|ARM.Build.0 = Release|ARM
		{DE3EDDCC-5DB9-47CA-9E76-D044340DC48A}.AppStore|ARM.Deploy.0 = Release|ARM
		{DE3EDDCC-5DB9-47CA-9E76-D044340DC48A}.AppStore|iPhone.ActiveCfg = Release|x86
		{DE3EDDCC-5DB9-47CA-9E76-D044340DC48A}.AppStore|iPhone.Build.0 = Release|x86
		{DE3EDDCC-5DB9-47CA-9E76-D044340DC48A}.AppStore|iPhone.Deploy.0 = Release|x86
		{DE3EDDCC-5DB9-47CA-9E76-D044340DC48A}.AppStore|iPhoneSimulator.ActiveCfg = Release|x86
		{DE3EDDCC-5DB9-47CA-9E76-D044340DC48A}.AppStore|iPhoneSimulator.Build.0 = Release|x86
		{DE3EDDCC-5DB9-47CA-9E76-D044340DC48A}.AppStore|iPhoneSimulator.Deploy.0 = Release|x86
		{DE3EDDCC-5DB9-47CA-9E76-D044340DC48A}.AppStore|x64.ActiveCfg = Release|x64
		{DE3EDDCC-5DB9-47CA-9E76-D044340DC48A}.AppStore|x64.Build.0 = Release|x64
		{DE3EDDCC-5DB9-47CA-9E76-D044340DC48A}.AppStore|x64.Deploy.0 = Release|x64
		{DE3EDDCC-5DB9-47CA-9E76-D044340DC48A}.AppStore|x86.ActiveCfg = Release|x86
		{DE3EDDCC-5DB9-47CA-9E76-D044340DC48A}.AppStore|x86.Build.0 = Release|x86
		{DE3EDDCC-5DB9-47CA-9E76-D044340DC48A}.AppStore|x86.Deploy.0 = Release|x86
		{DE3EDDCC-5DB9-47CA-9E76-D044340DC48A}.Debug|Any CPU.ActiveCfg = Debug|x86
		{DE3EDDCC-5DB9-47CA-9E76-D044340DC48A}.Debug|Any CPU.Build.0 = Debug|x86
		{DE3EDDCC-5DB9-47CA-9E76-D044340DC48A}.Debug|ARM.ActiveCfg = Debug|ARM
		{DE3EDDCC-5DB9-47CA-9E76-D044340DC48A}.Debug|ARM.Build.0 = Debug|ARM
		{DE3EDDCC-5DB9-47CA-9E76-D044340DC48A}.Debug|ARM.Deploy.0 = Debug|ARM
		{DE3EDDCC-5DB9-47CA-9E76-D044340DC48A}.Debug|iPhone.ActiveCfg = Debug|x86
		{DE3EDDCC-5DB9-47CA-9E76-D044340DC48A}.Debug|iPhoneSimulator.ActiveCfg = Debug|x86
		{DE3EDDCC-5DB9-47CA-9E76-D044340DC48A}.Debug|x64.ActiveCfg = Debug|x64
		{DE3EDDCC-5DB9-47CA-9E76-D044340DC48A}.Debug|x64.Build.0 = Debug|x64
		{DE3EDDCC-5DB9-47CA-9E76-D044340DC48A}.Debug|x64.Deploy.0 = Debug|x64
		{DE3EDDCC-5DB9-47CA-9E76-D044340DC48A}.Debug|x86.ActiveCfg = Debug|x86
		{DE3EDDCC-5DB9-47CA-9E76-D044340DC48A}.Debug|x86.Build.0 = Debug|x86
		{DE3EDDCC-5DB9-47CA-9E76-D044340DC48A}.Debug|x86.Deploy.0 = Debug|x86
		{DE3EDDCC-5DB9-47CA-9E76-D044340DC48A}.Release|Any CPU.ActiveCfg = Release|x86
		{DE3EDDCC-5DB9-47CA-9E76-D044340DC48A}.Release|ARM.ActiveCfg = Release|ARM
		{DE3EDDCC-5DB9-47CA-9E76-D044340DC48A}.Release|ARM.Build.0 = Release|ARM
		{DE3EDDCC-5DB9-47CA-9E76-D044340DC48A}.Release|ARM.Deploy.0 = Release|ARM
		{DE3EDDCC-5DB9-47CA-9E76-D044340DC48A}.Release|iPhone.ActiveCfg = Release|x86
		{DE3EDDCC-5DB9-47CA-9E76-D044340DC48A}.Release|iPhoneSimulator.ActiveCfg = Release|x86
		{DE3EDDCC-5DB9-47CA-9E76-D044340DC48A}.Release|x64.ActiveCfg = Release|x64
		{DE3EDDCC-5DB9-47CA-9E76-D044340DC48A}.Release|x64.Build.0 = Release|x64
		{DE3EDDCC-5DB9-47CA-9E76-D044340DC48A}.Release|x64.Deploy.0 = Release|x64
		{DE3EDDCC-5DB9-47CA-9E76-D044340DC48A}.Release|x86.ActiveCfg = Release|x86
		{DE3EDDCC-5DB9-47CA-9E76-D044340DC48A}.Release|x86.Build.0 = Release|x86
		{DE3EDDCC-5DB9-47CA-9E76-D044340DC48A}.Release|x86.Deploy.0 = Release|x86
		{67F9D3A8-F71E-4428-913F-C37AE82CDB24}.Ad-Hoc|Any CPU.ActiveCfg = Release|Any CPU
		{67F9D3A8-F71E-4428-913F-C37AE82CDB24}.Ad-Hoc|Any CPU.Build.0 = Release|Any CPU
		{67F9D3A8-F71E-4428-913F-C37AE82CDB24}.Ad-Hoc|ARM.ActiveCfg = Release|Any CPU
		{67F9D3A8-F71E-4428-913F-C37AE82CDB24}.Ad-Hoc|ARM.Build.0 = Release|Any CPU
		{67F9D3A8-F71E-4428-913F-C37AE82CDB24}.Ad-Hoc|iPhone.ActiveCfg = Release|Any CPU
		{67F9D3A8-F71E-4428-913F-C37AE82CDB24}.Ad-Hoc|iPhone.Build.0 = Release|Any CPU
		{67F9D3A8-F71E-4428-913F-C37AE82CDB24}.Ad-Hoc|iPhoneSimulator.ActiveCfg = Release|Any CPU
		{67F9D3A8-F71E-4428-913F-C37AE82CDB24}.Ad-Hoc|iPhoneSimulator.Build.0 = Release|Any CPU
		{67F9D3A8-F71E-4428-913F-C37AE82CDB24}.Ad-Hoc|x64.ActiveCfg = Release|Any CPU
		{67F9D3A8-F71E-4428-913F-C37AE82CDB24}.Ad-Hoc|x64.Build.0 = Release|Any CPU
		{67F9D3A8-F71E-4428-913F-C37AE82CDB24}.Ad-Hoc|x86.ActiveCfg = Release|Any CPU
		{67F9D3A8-F71E-4428-913F-C37AE82CDB24}.Ad-Hoc|x86.Build.0 = Release|Any CPU
		{67F9D3A8-F71E-4428-913F-C37AE82CDB24}.AppStore|Any CPU.ActiveCfg = Release|Any CPU
		{67F9D3A8-F71E-4428-913F-C37AE82CDB24}.AppStore|Any CPU.Build.0 = Release|Any CPU
		{67F9D3A8-F71E-4428-913F-C37AE82CDB24}.AppStore|ARM.ActiveCfg = Release|Any CPU
		{67F9D3A8-F71E-4428-913F-C37AE82CDB24}.AppStore|ARM.Build.0 = Release|Any CPU
		{67F9D3A8-F71E-4428-913F-C37AE82CDB24}.AppStore|iPhone.ActiveCfg = Release|Any CPU
		{67F9D3A8-F71E-4428-913F-C37AE82CDB24}.AppStore|iPhone.Build.0 = Release|Any CPU
		{67F9D3A8-F71E-4428-913F-C37AE82CDB24}.AppStore|iPhoneSimulator.ActiveCfg = Release|Any CPU
		{67F9D3A8-F71E-4428-913F-C37AE82CDB24}.AppStore|iPhoneSimulator.Build.0 = Release|Any CPU
		{67F9D3A8-F71E-4428-913F-C37AE82CDB24}.AppStore|x64.ActiveCfg = Release|Any CPU
		{67F9D3A8-F71E-4428-913F-C37AE82CDB24}.AppStore|x64.Build.0 = Release|Any CPU
		{67F9D3A8-F71E-4428-913F-C37AE82CDB24}.AppStore|x86.ActiveCfg = Release|Any CPU
		{67F9D3A8-F71E-4428-913F-C37AE82CDB24}.AppStore|x86.Build.0 = Release|Any CPU
		{67F9D3A8-F71E-4428-913F-C37AE82CDB24}.Debug|Any CPU.ActiveCfg = Debug|Any CPU
		{67F9D3A8-F71E-4428-913F-C37AE82CDB24}.Debug|Any CPU.Build.0 = Debug|Any CPU
		{67F9D3A8-F71E-4428-913F-C37AE82CDB24}.Debug|ARM.ActiveCfg = Debug|Any CPU
		{67F9D3A8-F71E-4428-913F-C37AE82CDB24}.Debug|ARM.Build.0 = Debug|Any CPU
		{67F9D3A8-F71E-4428-913F-C37AE82CDB24}.Debug|iPhone.ActiveCfg = Debug|Any CPU
		{67F9D3A8-F71E-4428-913F-C37AE82CDB24}.Debug|iPhone.Build.0 = Debug|Any CPU
		{67F9D3A8-F71E-4428-913F-C37AE82CDB24}.Debug|iPhoneSimulator.ActiveCfg = Debug|Any CPU
		{67F9D3A8-F71E-4428-913F-C37AE82CDB24}.Debug|iPhoneSimulator.Build.0 = Debug|Any CPU
		{67F9D3A8-F71E-4428-913F-C37AE82CDB24}.Debug|x64.ActiveCfg = Debug|Any CPU
		{67F9D3A8-F71E-4428-913F-C37AE82CDB24}.Debug|x64.Build.0 = Debug|Any CPU
		{67F9D3A8-F71E-4428-913F-C37AE82CDB24}.Debug|x86.ActiveCfg = Debug|Any CPU
		{67F9D3A8-F71E-4428-913F-C37AE82CDB24}.Debug|x86.Build.0 = Debug|Any CPU
		{67F9D3A8-F71E-4428-913F-C37AE82CDB24}.Release|Any CPU.ActiveCfg = Release|Any CPU
		{67F9D3A8-F71E-4428-913F-C37AE82CDB24}.Release|Any CPU.Build.0 = Release|Any CPU
		{67F9D3A8-F71E-4428-913F-C37AE82CDB24}.Release|ARM.ActiveCfg = Release|Any CPU
		{67F9D3A8-F71E-4428-913F-C37AE82CDB24}.Release|ARM.Build.0 = Release|Any CPU
		{67F9D3A8-F71E-4428-913F-C37AE82CDB24}.Release|iPhone.ActiveCfg = Release|Any CPU
		{67F9D3A8-F71E-4428-913F-C37AE82CDB24}.Release|iPhone.Build.0 = Release|Any CPU
		{67F9D3A8-F71E-4428-913F-C37AE82CDB24}.Release|iPhoneSimulator.ActiveCfg = Release|Any CPU
		{67F9D3A8-F71E-4428-913F-C37AE82CDB24}.Release|iPhoneSimulator.Build.0 = Release|Any CPU
		{67F9D3A8-F71E-4428-913F-C37AE82CDB24}.Release|x64.ActiveCfg = Release|Any CPU
		{67F9D3A8-F71E-4428-913F-C37AE82CDB24}.Release|x64.Build.0 = Release|Any CPU
		{67F9D3A8-F71E-4428-913F-C37AE82CDB24}.Release|x86.ActiveCfg = Release|Any CPU
		{67F9D3A8-F71E-4428-913F-C37AE82CDB24}.Release|x86.Build.0 = Release|Any CPU
	EndGlobalSection
	GlobalSection(SolutionProperties) = preSolution
		HideSolutionNode = FALSE
	EndGlobalSection
EndGlobal
