
Microsoft Visual Studio Solution File, Format Version 12.00
# Visual Studio 14
VisualStudioVersion = 14.0.25123.0
MinimumVisualStudioVersion = 10.0.40219.1
Project("{FAE04EC0-301F-11D3-BF4B-00C04F79EFBC}") = "TDTX.Droid", "TDTX\TDTX.Droid\TDTX.Droid.csproj", "{06E01BCF-9760-4120-884E-47093A3D3608}"
EndProject
Project("{FAE04EC0-301F-11D3-BF4B-00C04F79EFBC}") = "TDTX.iOS", "TDTX\TDTX.iOS\TDTX.iOS.csproj", "{8250E26D-5F55-489D-8B2D-000F3230D6C9}"
EndProject
Project("{FAE04EC0-301F-11D3-BF4B-00C04F79EFBC}") = "TDTX.WinPhone", "TDTX\TDTX.WinPhone\TDTX.WinPhone.csproj", "{E9FE7818-CD6B-4C62-BEDB-6CD383135476}"
EndProject
Project("{FAE04EC0-301F-11D3-BF4B-00C04F79EFBC}") = "TDTX.UWP", "TDTX\TDTX.UWP\TDTX.UWP.csproj", "{DE3EDDCC-5DB9-47CA-9E76-D044340DC48A}"
EndProject
Project("{FAE04EC0-301F-11D3-BF4B-00C04F79EFBC}") = "TDTX.Windows", "TDTX\TDTX.Windows\TDTX.Windows.csproj", "{AB428DFD-76D2-4165-83D2-EF262814ED50}"
EndProject
Project("{D954291E-2A0B-460D-934E-DC6B0785DB48}") = "TDTX", "TDTX\TDTX\TDTX.shproj", "{B7C7148B-0A46-4A48-B100-B57C84528A03}"
EndProject
Project("{D954291E-2A0B-460D-934E-DC6B0785DB48}") = "TDTX.Module", "TDTX.Module\TDTX.Module.shproj", "{6F655B6C-624C-4C22-83AC-222C35A7BAFD}"
EndProject
Global
	GlobalSection(SharedMSBuildProjectFiles) = preSolution
		TDTX.Module\TDTX.Module.projitems*{06e01bcf-9760-4120-884e-47093a3d3608}*SharedItemsImports = 4
		TDTX\TDTX\TDTX.projitems*{06e01bcf-9760-4120-884e-47093a3d3608}*SharedItemsImports = 4
		TDTX.Module\TDTX.Module.projitems*{8250e26d-5f55-489d-8b2d-000f3230d6c9}*SharedItemsImports = 4
		TDTX\TDTX\TDTX.projitems*{8250e26d-5f55-489d-8b2d-000f3230d6c9}*SharedItemsImports = 4
		TDTX\TDTX\TDTX.projitems*{b7c7148b-0a46-4a48-b100-b57c84528a03}*SharedItemsImports = 13
		TDTX.Module\TDTX.Module.projitems*{6f655b6c-624c-4c22-83ac-222c35a7bafd}*SharedItemsImports = 13
		TDTX.Module\TDTX.Module.projitems*{ab428dfd-76d2-4165-83d2-ef262814ed50}*SharedItemsImports = 4
		TDTX\TDTX\TDTX.projitems*{ab428dfd-76d2-4165-83d2-ef262814ed50}*SharedItemsImports = 4
		TDTX.Module\TDTX.Module.projitems*{e9fe7818-cd6b-4c62-bedb-6cd383135476}*SharedItemsImports = 4
		TDTX\TDTX\TDTX.projitems*{e9fe7818-cd6b-4c62-bedb-6cd383135476}*SharedItemsImports = 4
		TDTX\TDTX\TDTX.projitems*{de3eddcc-5db9-47ca-9e76-d044340dc48a}*SharedItemsImports = 4
	EndGlobalSection
	GlobalSection(SolutionConfigurationPlatforms) = preSolution
		Ad-Hoc|Any CPU = Ad-Hoc|Any CPU
		Ad-Hoc|ARM = Ad-Hoc|ARM
		Ad-Hoc|iPhone = Ad-Hoc|iPhone
		Ad-Hoc|iPhoneSimulator = Ad-Hoc|iPhoneSimulator
		Ad-Hoc|x64 = Ad-Hoc|x64
		Ad-Hoc|x86 = Ad-Hoc|x86
		AppStore|Any CPU = AppStore|Any CPU
		AppStore|ARM = AppStore|ARM
		AppStore|iPhone = AppStore|iPhone
		AppStore|iPhoneSimulator = AppStore|iPhoneSimulator
		AppStore|x64 = AppStore|x64
		AppStore|x86 = AppStore|x86
		Debug|Any CPU = Debug|Any CPU
		Debug|ARM = Debug|ARM
		Debug|iPhone = Debug|iPhone
		Debug|iPhoneSimulator = Debug|iPhoneSimulator
		Debug|x64 = Debug|x64
		Debug|x86 = Debug|x86
		Release|Any CPU = Release|Any CPU
		Release|ARM = Release|ARM
		Release|iPhone = Release|iPhone
		Release|iPhoneSimulator = Release|iPhoneSimulator
		Release|x64 = Release|x64
		Release|x86 = Release|x86
	EndGlobalSection
	GlobalSection(ProjectConfigurationPlatforms) = postSolution
		{06E01BCF-9760-4120-884E-47093A3D3608}.Ad-Hoc|Any CPU.ActiveCfg = Release|Any CPU
		{06E01BCF-9760-4120-884E-47093A3D3608}.Ad-Hoc|Any CPU.Build.0 = Release|Any CPU
		{06E01BCF-9760-4120-884E-47093A3D3608}.Ad-Hoc|Any CPU.Deploy.0 = Release|Any CPU
		{06E01BCF-9760-4120-884E-47093A3D3608}.Ad-Hoc|ARM.ActiveCfg = Release|Any CPU
		{06E01BCF-9760-4120-884E-47093A3D3608}.Ad-Hoc|ARM.Build.0 = Release|Any CPU
		{06E01BCF-9760-4120-884E-47093A3D3608}.Ad-Hoc|ARM.Deploy.0 = Release|Any CPU
		{06E01BCF-9760-4120-884E-47093A3D3608}.Ad-Hoc|iPhone.ActiveCfg = Release|Any CPU
		{06E01BCF-9760-4120-884E-47093A3D3608}.Ad-Hoc|iPhone.Build.0 = Release|Any CPU
		{06E01BCF-9760-4120-884E-47093A3D3608}.Ad-Hoc|iPhone.Deploy.0 = Release|Any CPU
		{06E01BCF-9760-4120-884E-47093A3D3608}.Ad-Hoc|iPhoneSimulator.ActiveCfg = Release|Any CPU
		{06E01BCF-9760-4120-884E-47093A3D3608}.Ad-Hoc|iPhoneSimulator.Build.0 = Release|Any CPU
		{06E01BCF-9760-4120-884E-47093A3D3608}.Ad-Hoc|iPhoneSimulator.Deploy.0 = Release|Any CPU
		{06E01BCF-9760-4120-884E-47093A3D3608}.Ad-Hoc|x64.ActiveCfg = Release|Any CPU
		{06E01BCF-9760-4120-884E-47093A3D3608}.Ad-Hoc|x64.Build.0 = Release|Any CPU
		{06E01BCF-9760-4120-884E-47093A3D3608}.Ad-Hoc|x64.Deploy.0 = Release|Any CPU
		{06E01BCF-9760-4120-884E-47093A3D3608}.Ad-Hoc|x86.ActiveCfg = Release|Any CPU
		{06E01BCF-9760-4120-884E-47093A3D3608}.Ad-Hoc|x86.Build.0 = Release|Any CPU
		{06E01BCF-9760-4120-884E-47093A3D3608}.Ad-Hoc|x86.Deploy.0 = Release|Any CPU
		{06E01BCF-9760-4120-884E-47093A3D3608}.AppStore|Any CPU.ActiveCfg = Release|Any CPU
		{06E01BCF-9760-4120-884E-47093A3D3608}.AppStore|Any CPU.Build.0 = Release|Any CPU
		{06E01BCF-9760-4120-884E-47093A3D3608}.AppStore|Any CPU.Deploy.0 = Release|Any CPU
		{06E01BCF-9760-4120-884E-47093A3D3608}.AppStore|ARM.ActiveCfg = Release|Any CPU
		{06E01BCF-9760-4120-884E-47093A3D3608}.AppStore|ARM.Build.0 = Release|Any CPU
		{06E01BCF-9760-4120-884E-47093A3D3608}.AppStore|ARM.Deploy.0 = Release|Any CPU
		{06E01BCF-9760-4120-884E-47093A3D3608}.AppStore|iPhone.ActiveCfg = Release|Any CPU
		{06E01BCF-9760-4120-884E-47093A3D3608}.AppStore|iPhone.Build.0 = Release|Any CPU
		{06E01BCF-9760-4120-884E-47093A3D3608}.AppStore|iPhone.Deploy.0 = Release|Any CPU
		{06E01BCF-9760-4120-884E-47093A3D3608}.AppStore|iPhoneSimulator.ActiveCfg = Release|Any CPU
		{06E01BCF-9760-4120-884E-47093A3D3608}.AppStore|iPhoneSimulator.Build.0 = Release|Any CPU
		{06E01BCF-9760-4120-884E-47093A3D3608}.AppStore|iPhoneSimulator.Deploy.0 = Release|Any CPU
		{06E01BCF-9760-4120-884E-47093A3D3608}.AppStore|x64.ActiveCfg = Release|Any CPU
		{06E01BCF-9760-4120-884E-47093A3D3608}.AppStore|x64.Build.0 = Release|Any CPU
		{06E01BCF-9760-4120-884E-47093A3D3608}.AppStore|x64.Deploy.0 = Release|Any CPU
		{06E01BCF-9760-4120-884E-47093A3D3608}.AppStore|x86.ActiveCfg = Release|Any CPU
		{06E01BCF-9760-4120-884E-47093A3D3608}.AppStore|x86.Build.0 = Release|Any CPU
		{06E01BCF-9760-4120-884E-47093A3D3608}.AppStore|x86.Deploy.0 = Release|Any CPU
		{06E01BCF-9760-4120-884E-47093A3D3608}.Debug|Any CPU.ActiveCfg = Debug|Any CPU
		{06E01BCF-9760-4120-884E-47093A3D3608}.Debug|Any CPU.Build.0 = Debug|Any CPU
		{06E01BCF-9760-4120-884E-47093A3D3608}.Debug|ARM.ActiveCfg = Debug|Any CPU
		{06E01BCF-9760-4120-884E-47093A3D3608}.Debug|ARM.Build.0 = Debug|Any CPU
		{06E01BCF-9760-4120-884E-47093A3D3608}.Debug|ARM.Deploy.0 = Debug|Any CPU
		{06E01BCF-9760-4120-884E-47093A3D3608}.Debug|iPhone.ActiveCfg = Debug|Any CPU
		{06E01BCF-9760-4120-884E-47093A3D3608}.Debug|iPhone.Build.0 = Debug|Any CPU
		{06E01BCF-9760-4120-884E-47093A3D3608}.Debug|iPhone.Deploy.0 = Debug|Any CPU
		{06E01BCF-9760-4120-884E-47093A3D3608}.Debug|iPhoneSimulator.ActiveCfg = Debug|Any CPU
		{06E01BCF-9760-4120-884E-47093A3D3608}.Debug|iPhoneSimulator.Build.0 = Debug|Any CPU
		{06E01BCF-9760-4120-884E-47093A3D3608}.Debug|iPhoneSimulator.Deploy.0 = Debug|Any CPU
		{06E01BCF-9760-4120-884E-47093A3D3608}.Debug|x64.ActiveCfg = Debug|Any CPU
		{06E01BCF-9760-4120-884E-47093A3D3608}.Debug|x64.Build.0 = Debug|Any CPU
		{06E01BCF-9760-4120-884E-47093A3D3608}.Debug|x64.Deploy.0 = Debug|Any CPU
		{06E01BCF-9760-4120-884E-47093A3D3608}.Debug|x86.ActiveCfg = Debug|Any CPU
		{06E01BCF-9760-4120-884E-47093A3D3608}.Debug|x86.Build.0 = Debug|Any CPU
		{06E01BCF-9760-4120-884E-47093A3D3608}.Release|Any CPU.ActiveCfg = Release|Any CPU
		{06E01BCF-9760-4120-884E-47093A3D3608}.Release|Any CPU.Build.0 = Release|Any CPU
		{06E01BCF-9760-4120-884E-47093A3D3608}.Release|Any CPU.Deploy.0 = Release|Any CPU
		{06E01BCF-9760-4120-884E-47093A3D3608}.Release|ARM.ActiveCfg = Release|Any CPU
		{06E01BCF-9760-4120-884E-47093A3D3608}.Release|ARM.Build.0 = Release|Any CPU
		{06E01BCF-9760-4120-884E-47093A3D3608}.Release|ARM.Deploy.0 = Release|Any CPU
		{06E01BCF-9760-4120-884E-47093A3D3608}.Release|iPhone.ActiveCfg = Release|Any CPU
		{06E01BCF-9760-4120-884E-47093A3D3608}.Release|iPhone.Build.0 = Release|Any CPU
		{06E01BCF-9760-4120-884E-47093A3D3608}.Release|iPhone.Deploy.0 = Release|Any CPU
		{06E01BCF-9760-4120-884E-47093A3D3608}.Release|iPhoneSimulator.ActiveCfg = Release|Any CPU
		{06E01BCF-9760-4120-884E-47093A3D3608}.Release|iPhoneSimulator.Build.0 = Release|Any CPU
		{06E01BCF-9760-4120-884E-47093A3D3608}.Release|iPhoneSimulator.Deploy.0 = Release|Any CPU
		{06E01BCF-9760-4120-884E-47093A3D3608}.Release|x64.ActiveCfg = Release|Any CPU
		{06E01BCF-9760-4120-884E-47093A3D3608}.Release|x64.Build.0 = Release|Any CPU
		{06E01BCF-9760-4120-884E-47093A3D3608}.Release|x64.Deploy.0 = Release|Any CPU
		{06E01BCF-9760-4120-884E-47093A3D3608}.Release|x86.ActiveCfg = Release|Any CPU
		{06E01BCF-9760-4120-884E-47093A3D3608}.Release|x86.Build.0 = Release|Any CPU
		{06E01BCF-9760-4120-884E-47093A3D3608}.Release|x86.Deploy.0 = Release|Any CPU
		{8250E26D-5F55-489D-8B2D-000F3230D6C9}.Ad-Hoc|Any CPU.ActiveCfg = Ad-Hoc|iPhone
		{8250E26D-5F55-489D-8B2D-000F3230D6C9}.Ad-Hoc|ARM.ActiveCfg = Ad-Hoc|iPhone
		{8250E26D-5F55-489D-8B2D-000F3230D6C9}.Ad-Hoc|iPhone.ActiveCfg = Ad-Hoc|iPhone
		{8250E26D-5F55-489D-8B2D-000F3230D6C9}.Ad-Hoc|iPhone.Build.0 = Ad-Hoc|iPhone
		{8250E26D-5F55-489D-8B2D-000F3230D6C9}.Ad-Hoc|iPhoneSimulator.ActiveCfg = Ad-Hoc|iPhoneSimulator
		{8250E26D-5F55-489D-8B2D-000F3230D6C9}.Ad-Hoc|iPhoneSimulator.Build.0 = Ad-Hoc|iPhoneSimulator
		{8250E26D-5F55-489D-8B2D-000F3230D6C9}.Ad-Hoc|x64.ActiveCfg = Ad-Hoc|iPhone
		{8250E26D-5F55-489D-8B2D-000F3230D6C9}.Ad-Hoc|x86.ActiveCfg = Ad-Hoc|iPhone
		{8250E26D-5F55-489D-8B2D-000F3230D6C9}.AppStore|Any CPU.ActiveCfg = AppStore|iPhone
		{8250E26D-5F55-489D-8B2D-000F3230D6C9}.AppStore|ARM.ActiveCfg = AppStore|iPhone
		{8250E26D-5F55-489D-8B2D-000F3230D6C9}.AppStore|iPhone.ActiveCfg = AppStore|iPhone
		{8250E26D-5F55-489D-8B2D-000F3230D6C9}.AppStore|iPhone.Build.0 = AppStore|iPhone
		{8250E26D-5F55-489D-8B2D-000F3230D6C9}.AppStore|iPhoneSimulator.ActiveCfg = AppStore|iPhoneSimulator
		{8250E26D-5F55-489D-8B2D-000F3230D6C9}.AppStore|iPhoneSimulator.Build.0 = AppStore|iPhoneSimulator
		{8250E26D-5F55-489D-8B2D-000F3230D6C9}.AppStore|x64.ActiveCfg = AppStore|iPhone
		{8250E26D-5F55-489D-8B2D-000F3230D6C9}.AppStore|x86.ActiveCfg = AppStore|iPhone
		{8250E26D-5F55-489D-8B2D-000F3230D6C9}.Debug|Any CPU.ActiveCfg = Debug|iPhone
		{8250E26D-5F55-489D-8B2D-000F3230D6C9}.Debug|ARM.ActiveCfg = Debug|iPhone
		{8250E26D-5F55-489D-8B2D-000F3230D6C9}.Debug|iPhone.ActiveCfg = Debug|iPhone
		{8250E26D-5F55-489D-8B2D-000F3230D6C9}.Debug|iPhone.Build.0 = Debug|iPhone
		{8250E26D-5F55-489D-8B2D-000F3230D6C9}.Debug|iPhoneSimulator.ActiveCfg = Debug|iPhoneSimulator
		{8250E26D-5F55-489D-8B2D-000F3230D6C9}.Debug|iPhoneSimulator.Build.0 = Debug|iPhoneSimulator
		{8250E26D-5F55-489D-8B2D-000F3230D6C9}.Debug|x64.ActiveCfg = Debug|iPhone
		{8250E26D-5F55-489D-8B2D-000F3230D6C9}.Debug|x86.ActiveCfg = Debug|iPhone
		{8250E26D-5F55-489D-8B2D-000F3230D6C9}.Release|Any CPU.ActiveCfg = Release|iPhone
		{8250E26D-5F55-489D-8B2D-000F3230D6C9}.Release|ARM.ActiveCfg = Release|iPhone
		{8250E26D-5F55-489D-8B2D-000F3230D6C9}.Release|iPhone.ActiveCfg = Release|iPhone
		{8250E26D-5F55-489D-8B2D-000F3230D6C9}.Release|iPhone.Build.0 = Release|iPhone
		{8250E26D-5F55-489D-8B2D-000F3230D6C9}.Release|iPhoneSimulator.ActiveCfg = Release|iPhoneSimulator
		{8250E26D-5F55-489D-8B2D-000F3230D6C9}.Release|iPhoneSimulator.Build.0 = Release|iPhoneSimulator
		{8250E26D-5F55-489D-8B2D-000F3230D6C9}.Release|x64.ActiveCfg = Release|iPhone
		{8250E26D-5F55-489D-8B2D-000F3230D6C9}.Release|x86.ActiveCfg = Release|iPhone
		{E9FE7818-CD6B-4C62-BEDB-6CD383135476}.Ad-Hoc|Any CPU.ActiveCfg = Release|Any CPU
		{E9FE7818-CD6B-4C62-BEDB-6CD383135476}.Ad-Hoc|Any CPU.Build.0 = Release|Any CPU
		{E9FE7818-CD6B-4C62-BEDB-6CD383135476}.Ad-Hoc|Any CPU.Deploy.0 = Release|Any CPU
		{E9FE7818-CD6B-4C62-BEDB-6CD383135476}.Ad-Hoc|ARM.ActiveCfg = Release|ARM
		{E9FE7818-CD6B-4C62-BEDB-6CD383135476}.Ad-Hoc|ARM.Build.0 = Release|ARM
		{E9FE7818-CD6B-4C62-BEDB-6CD383135476}.Ad-Hoc|ARM.Deploy.0 = Release|ARM
		{E9FE7818-CD6B-4C62-BEDB-6CD383135476}.Ad-Hoc|iPhone.ActiveCfg = Release|Any CPU
		{E9FE7818-CD6B-4C62-BEDB-6CD383135476}.Ad-Hoc|iPhone.Build.0 = Release|Any CPU
		{E9FE7818-CD6B-4C62-BEDB-6CD383135476}.Ad-Hoc|iPhone.Deploy.0 = Release|Any CPU
		{E9FE7818-CD6B-4C62-BEDB-6CD383135476}.Ad-Hoc|iPhoneSimulator.ActiveCfg = Release|Any CPU
		{E9FE7818-CD6B-4C62-BEDB-6CD383135476}.Ad-Hoc|iPhoneSimulator.Build.0 = Release|Any CPU
		{E9FE7818-CD6B-4C62-BEDB-6CD383135476}.Ad-Hoc|iPhoneSimulator.Deploy.0 = Release|Any CPU
		{E9FE7818-CD6B-4C62-BEDB-6CD383135476}.Ad-Hoc|x64.ActiveCfg = Release|Any CPU
		{E9FE7818-CD6B-4C62-BEDB-6CD383135476}.Ad-Hoc|x64.Build.0 = Release|Any CPU
		{E9FE7818-CD6B-4C62-BEDB-6CD383135476}.Ad-Hoc|x64.Deploy.0 = Release|Any CPU
		{E9FE7818-CD6B-4C62-BEDB-6CD383135476}.Ad-Hoc|x86.ActiveCfg = Release|x86
		{E9FE7818-CD6B-4C62-BEDB-6CD383135476}.Ad-Hoc|x86.Build.0 = Release|x86
		{E9FE7818-CD6B-4C62-BEDB-6CD383135476}.Ad-Hoc|x86.Deploy.0 = Release|x86
		{E9FE7818-CD6B-4C62-BEDB-6CD383135476}.AppStore|Any CPU.ActiveCfg = Release|Any CPU
		{E9FE7818-CD6B-4C62-BEDB-6CD383135476}.AppStore|Any CPU.Build.0 = Release|Any CPU
		{E9FE7818-CD6B-4C62-BEDB-6CD383135476}.AppStore|Any CPU.Deploy.0 = Release|Any CPU
		{E9FE7818-CD6B-4C62-BEDB-6CD383135476}.AppStore|ARM.ActiveCfg = Release|ARM
		{E9FE7818-CD6B-4C62-BEDB-6CD383135476}.AppStore|ARM.Build.0 = Release|ARM
		{E9FE7818-CD6B-4C62-BEDB-6CD383135476}.AppStore|ARM.Deploy.0 = Release|ARM
		{E9FE7818-CD6B-4C62-BEDB-6CD383135476}.AppStore|iPhone.ActiveCfg = Release|Any CPU
		{E9FE7818-CD6B-4C62-BEDB-6CD383135476}.AppStore|iPhone.Build.0 = Release|Any CPU
		{E9FE7818-CD6B-4C62-BEDB-6CD383135476}.AppStore|iPhone.Deploy.0 = Release|Any CPU
		{E9FE7818-CD6B-4C62-BEDB-6CD383135476}.AppStore|iPhoneSimulator.ActiveCfg = Release|Any CPU
		{E9FE7818-CD6B-4C62-BEDB-6CD383135476}.AppStore|iPhoneSimulator.Build.0 = Release|Any CPU
		{E9FE7818-CD6B-4C62-BEDB-6CD383135476}.AppStore|iPhoneSimulator.Deploy.0 = Release|Any CPU
		{E9FE7818-CD6B-4C62-BEDB-6CD383135476}.AppStore|x64.ActiveCfg = Release|Any CPU
		{E9FE7818-CD6B-4C62-BEDB-6CD383135476}.AppStore|x64.Build.0 = Release|Any CPU
		{E9FE7818-CD6B-4C62-BEDB-6CD383135476}.AppStore|x64.Deploy.0 = Release|Any CPU
		{E9FE7818-CD6B-4C62-BEDB-6CD383135476}.AppStore|x86.ActiveCfg = Release|x86
		{E9FE7818-CD6B-4C62-BEDB-6CD383135476}.AppStore|x86.Build.0 = Release|x86
		{E9FE7818-CD6B-4C62-BEDB-6CD383135476}.AppStore|x86.Deploy.0 = Release|x86
		{E9FE7818-CD6B-4C62-BEDB-6CD383135476}.Debug|Any CPU.ActiveCfg = Debug|Any CPU
		{E9FE7818-CD6B-4C62-BEDB-6CD383135476}.Debug|ARM.ActiveCfg = Debug|ARM
		{E9FE7818-CD6B-4C62-BEDB-6CD383135476}.Debug|ARM.Build.0 = Debug|ARM
		{E9FE7818-CD6B-4C62-BEDB-6CD383135476}.Debug|ARM.Deploy.0 = Debug|ARM
		{E9FE7818-CD6B-4C62-BEDB-6CD383135476}.Debug|iPhone.ActiveCfg = Debug|Any CPU
		{E9FE7818-CD6B-4C62-BEDB-6CD383135476}.Debug|iPhone.Build.0 = Debug|Any CPU
		{E9FE7818-CD6B-4C62-BEDB-6CD383135476}.Debug|iPhone.Deploy.0 = Debug|Any CPU
		{E9FE7818-CD6B-4C62-BEDB-6CD383135476}.Debug|iPhoneSimulator.ActiveCfg = Debug|Any CPU
		{E9FE7818-CD6B-4C62-BEDB-6CD383135476}.Debug|iPhoneSimulator.Build.0 = Debug|Any CPU
		{E9FE7818-CD6B-4C62-BEDB-6CD383135476}.Debug|iPhoneSimulator.Deploy.0 = Debug|Any CPU
		{E9FE7818-CD6B-4C62-BEDB-6CD383135476}.Debug|x64.ActiveCfg = Debug|Any CPU
		{E9FE7818-CD6B-4C62-BEDB-6CD383135476}.Debug|x64.Build.0 = Debug|Any CPU
		{E9FE7818-CD6B-4C62-BEDB-6CD383135476}.Debug|x64.Deploy.0 = Debug|Any CPU
		{E9FE7818-CD6B-4C62-BEDB-6CD383135476}.Debug|x86.ActiveCfg = Debug|x86
		{E9FE7818-CD6B-4C62-BEDB-6CD383135476}.Release|Any CPU.ActiveCfg = Release|Any CPU
		{E9FE7818-CD6B-4C62-BEDB-6CD383135476}.Release|Any CPU.Build.0 = Release|Any CPU
		{E9FE7818-CD6B-4C62-BEDB-6CD383135476}.Release|Any CPU.Deploy.0 = Release|Any CPU
		{E9FE7818-CD6B-4C62-BEDB-6CD383135476}.Release|ARM.ActiveCfg = Release|ARM
		{E9FE7818-CD6B-4C62-BEDB-6CD383135476}.Release|ARM.Build.0 = Release|ARM
		{E9FE7818-CD6B-4C62-BEDB-6CD383135476}.Release|ARM.Deploy.0 = Release|ARM
		{E9FE7818-CD6B-4C62-BEDB-6CD383135476}.Release|iPhone.ActiveCfg = Release|Any CPU
		{E9FE7818-CD6B-4C62-BEDB-6CD383135476}.Release|iPhone.Build.0 = Release|Any CPU
		{E9FE7818-CD6B-4C62-BEDB-6CD383135476}.Release|iPhone.Deploy.0 = Release|Any CPU
		{E9FE7818-CD6B-4C62-BEDB-6CD383135476}.Release|iPhoneSimulator.ActiveCfg = Release|Any CPU
		{E9FE7818-CD6B-4C62-BEDB-6CD383135476}.Release|iPhoneSimulator.Build.0 = Release|Any CPU
		{E9FE7818-CD6B-4C62-BEDB-6CD383135476}.Release|iPhoneSimulator.Deploy.0 = Release|Any CPU
		{E9FE7818-CD6B-4C62-BEDB-6CD383135476}.Release|x64.ActiveCfg = Release|Any CPU
		{E9FE7818-CD6B-4C62-BEDB-6CD383135476}.Release|x64.Build.0 = Release|Any CPU
		{E9FE7818-CD6B-4C62-BEDB-6CD383135476}.Release|x64.Deploy.0 = Release|Any CPU
		{E9FE7818-CD6B-4C62-BEDB-6CD383135476}.Release|x86.ActiveCfg = Release|x86
		{E9FE7818-CD6B-4C62-BEDB-6CD383135476}.Release|x86.Build.0 = Release|x86
		{E9FE7818-CD6B-4C62-BEDB-6CD383135476}.Release|x86.Deploy.0 = Release|x86
		{DE3EDDCC-5DB9-47CA-9E76-D044340DC48A}.Ad-Hoc|Any CPU.ActiveCfg = Release|x86
		{DE3EDDCC-5DB9-47CA-9E76-D044340DC48A}.Ad-Hoc|Any CPU.Build.0 = Release|x86
		{DE3EDDCC-5DB9-47CA-9E76-D044340DC48A}.Ad-Hoc|Any CPU.Deploy.0 = Release|x86
		{DE3EDDCC-5DB9-47CA-9E76-D044340DC48A}.Ad-Hoc|ARM.ActiveCfg = Release|ARM
		{DE3EDDCC-5DB9-47CA-9E76-D044340DC48A}.Ad-Hoc|ARM.Build.0 = Release|ARM
		{DE3EDDCC-5DB9-47CA-9E76-D044340DC48A}.Ad-Hoc|ARM.Deploy.0 = Release|ARM
		{DE3EDDCC-5DB9-47CA-9E76-D044340DC48A}.Ad-Hoc|iPhone.ActiveCfg = Release|x86
		{DE3EDDCC-5DB9-47CA-9E76-D044340DC48A}.Ad-Hoc|iPhone.Build.0 = Release|x86
		{DE3EDDCC-5DB9-47CA-9E76-D044340DC48A}.Ad-Hoc|iPhone.Deploy.0 = Release|x86
		{DE3EDDCC-5DB9-47CA-9E76-D044340DC48A}.Ad-Hoc|iPhoneSimulator.ActiveCfg = Release|x86
		{DE3EDDCC-5DB9-47CA-9E76-D044340DC48A}.Ad-Hoc|iPhoneSimulator.Build.0 = Release|x86
		{DE3EDDCC-5DB9-47CA-9E76-D044340DC48A}.Ad-Hoc|iPhoneSimulator.Deploy.0 = Release|x86
		{DE3EDDCC-5DB9-47CA-9E76-D044340DC48A}.Ad-Hoc|x64.ActiveCfg = Release|x64
		{DE3EDDCC-5DB9-47CA-9E76-D044340DC48A}.Ad-Hoc|x64.Build.0 = Release|x64
		{DE3EDDCC-5DB9-47CA-9E76-D044340DC48A}.Ad-Hoc|x64.Deploy.0 = Release|x64
		{DE3EDDCC-5DB9-47CA-9E76-D044340DC48A}.Ad-Hoc|x86.ActiveCfg = Release|x86
		{DE3EDDCC-5DB9-47CA-9E76-D044340DC48A}.Ad-Hoc|x86.Build.0 = Release|x86
		{DE3EDDCC-5DB9-47CA-9E76-D044340DC48A}.Ad-Hoc|x86.Deploy.0 = Release|x86
		{DE3EDDCC-5DB9-47CA-9E76-D044340DC48A}.AppStore|Any CPU.ActiveCfg = Release|x86
		{DE3EDDCC-5DB9-47CA-9E76-D044340DC48A}.AppStore|Any CPU.Build.0 = Release|x86
		{DE3EDDCC-5DB9-47CA-9E76-D044340DC48A}.AppStore|Any CPU.Deploy.0 = Release|x86
		{DE3EDDCC-5DB9-47CA-9E76-D044340DC48A}.AppStore|ARM.ActiveCfg = Release|ARM
		{DE3EDDCC-5DB9-47CA-9E76-D044340DC48A}.AppStore|ARM.Build.0 = Release|ARM
		{DE3EDDCC-5DB9-47CA-9E76-D044340DC48A}.AppStore|ARM.Deploy.0 = Release|ARM
		{DE3EDDCC-5DB9-47CA-9E76-D044340DC48A}.AppStore|iPhone.ActiveCfg = Release|x86
		{DE3EDDCC-5DB9-47CA-9E76-D044340DC48A}.AppStore|iPhone.Build.0 = Release|x86
		{DE3EDDCC-5DB9-47CA-9E76-D044340DC48A}.AppStore|iPhone.Deploy.0 = Release|x86
		{DE3EDDCC-5DB9-47CA-9E76-D044340DC48A}.AppStore|iPhoneSimulator.ActiveCfg = Release|x86
		{DE3EDDCC-5DB9-47CA-9E76-D044340DC48A}.AppStore|iPhoneSimulator.Build.0 = Release|x86
		{DE3EDDCC-5DB9-47CA-9E76-D044340DC48A}.AppStore|iPhoneSimulator.Deploy.0 = Release|x86
		{DE3EDDCC-5DB9-47CA-9E76-D044340DC48A}.AppStore|x64.ActiveCfg = Release|x64
		{DE3EDDCC-5DB9-47CA-9E76-D044340DC48A}.AppStore|x64.Build.0 = Release|x64
		{DE3EDDCC-5DB9-47CA-9E76-D044340DC48A}.AppStore|x64.Deploy.0 = Release|x64
		{DE3EDDCC-5DB9-47CA-9E76-D044340DC48A}.AppStore|x86.ActiveCfg = Release|x86
		{DE3EDDCC-5DB9-47CA-9E76-D044340DC48A}.AppStore|x86.Build.0 = Release|x86
		{DE3EDDCC-5DB9-47CA-9E76-D044340DC48A}.AppStore|x86.Deploy.0 = Release|x86
		{DE3EDDCC-5DB9-47CA-9E76-D044340DC48A}.Debug|Any CPU.ActiveCfg = Debug|x86
		{DE3EDDCC-5DB9-47CA-9E76-D044340DC48A}.Debug|Any CPU.Build.0 = Debug|x86
		{DE3EDDCC-5DB9-47CA-9E76-D044340DC48A}.Debug|ARM.ActiveCfg = Debug|ARM
		{DE3EDDCC-5DB9-47CA-9E76-D044340DC48A}.Debug|ARM.Build.0 = Debug|ARM
		{DE3EDDCC-5DB9-47CA-9E76-D044340DC48A}.Debug|ARM.Deploy.0 = Debug|ARM
		{DE3EDDCC-5DB9-47CA-9E76-D044340DC48A}.Debug|iPhone.ActiveCfg = Debug|x86
		{DE3EDDCC-5DB9-47CA-9E76-D044340DC48A}.Debug|iPhoneSimulator.ActiveCfg = Debug|x86
		{DE3EDDCC-5DB9-47CA-9E76-D044340DC48A}.Debug|x64.ActiveCfg = Debug|x64
		{DE3EDDCC-5DB9-47CA-9E76-D044340DC48A}.Debug|x64.Build.0 = Debug|x64
		{DE3EDDCC-5DB9-47CA-9E76-D044340DC48A}.Debug|x64.Deploy.0 = Debug|x64
		{DE3EDDCC-5DB9-47CA-9E76-D044340DC48A}.Debug|x86.ActiveCfg = Debug|x86
		{DE3EDDCC-5DB9-47CA-9E76-D044340DC48A}.Debug|x86.Build.0 = Debug|x86
		{DE3EDDCC-5DB9-47CA-9E76-D044340DC48A}.Debug|x86.Deploy.0 = Debug|x86
		{DE3EDDCC-5DB9-47CA-9E76-D044340DC48A}.Release|Any CPU.ActiveCfg = Release|x86
		{DE3EDDCC-5DB9-47CA-9E76-D044340DC48A}.Release|ARM.ActiveCfg = Release|ARM
		{DE3EDDCC-5DB9-47CA-9E76-D044340DC48A}.Release|ARM.Build.0 = Release|ARM
		{DE3EDDCC-5DB9-47CA-9E76-D044340DC48A}.Release|ARM.Deploy.0 = Release|ARM
		{DE3EDDCC-5DB9-47CA-9E76-D044340DC48A}.Release|iPhone.ActiveCfg = Release|x86
		{DE3EDDCC-5DB9-47CA-9E76-D044340DC48A}.Release|iPhoneSimulator.ActiveCfg = Release|x86
		{DE3EDDCC-5DB9-47CA-9E76-D044340DC48A}.Release|x64.ActiveCfg = Release|x64
		{DE3EDDCC-5DB9-47CA-9E76-D044340DC48A}.Release|x64.Build.0 = Release|x64
		{DE3EDDCC-5DB9-47CA-9E76-D044340DC48A}.Release|x64.Deploy.0 = Release|x64
		{DE3EDDCC-5DB9-47CA-9E76-D044340DC48A}.Release|x86.ActiveCfg = Release|x86
		{DE3EDDCC-5DB9-47CA-9E76-D044340DC48A}.Release|x86.Build.0 = Release|x86
		{DE3EDDCC-5DB9-47CA-9E76-D044340DC48A}.Release|x86.Deploy.0 = Release|x86
		{AB428DFD-76D2-4165-83D2-EF262814ED50}.Ad-Hoc|Any CPU.ActiveCfg = Release|Any CPU
		{AB428DFD-76D2-4165-83D2-EF262814ED50}.Ad-Hoc|Any CPU.Build.0 = Release|Any CPU
		{AB428DFD-76D2-4165-83D2-EF262814ED50}.Ad-Hoc|Any CPU.Deploy.0 = Release|Any CPU
		{AB428DFD-76D2-4165-83D2-EF262814ED50}.Ad-Hoc|ARM.ActiveCfg = Release|ARM
		{AB428DFD-76D2-4165-83D2-EF262814ED50}.Ad-Hoc|ARM.Build.0 = Release|ARM
		{AB428DFD-76D2-4165-83D2-EF262814ED50}.Ad-Hoc|ARM.Deploy.0 = Release|ARM
		{AB428DFD-76D2-4165-83D2-EF262814ED50}.Ad-Hoc|iPhone.ActiveCfg = Release|Any CPU
		{AB428DFD-76D2-4165-83D2-EF262814ED50}.Ad-Hoc|iPhone.Build.0 = Release|Any CPU
		{AB428DFD-76D2-4165-83D2-EF262814ED50}.Ad-Hoc|iPhone.Deploy.0 = Release|Any CPU
		{AB428DFD-76D2-4165-83D2-EF262814ED50}.Ad-Hoc|iPhoneSimulator.ActiveCfg = Release|Any CPU
		{AB428DFD-76D2-4165-83D2-EF262814ED50}.Ad-Hoc|iPhoneSimulator.Build.0 = Release|Any CPU
		{AB428DFD-76D2-4165-83D2-EF262814ED50}.Ad-Hoc|iPhoneSimulator.Deploy.0 = Release|Any CPU
		{AB428DFD-76D2-4165-83D2-EF262814ED50}.Ad-Hoc|x64.ActiveCfg = Release|x64
		{AB428DFD-76D2-4165-83D2-EF262814ED50}.Ad-Hoc|x64.Build.0 = Release|x64
		{AB428DFD-76D2-4165-83D2-EF262814ED50}.Ad-Hoc|x64.Deploy.0 = Release|x64
		{AB428DFD-76D2-4165-83D2-EF262814ED50}.Ad-Hoc|x86.ActiveCfg = Release|x86
		{AB428DFD-76D2-4165-83D2-EF262814ED50}.Ad-Hoc|x86.Build.0 = Release|x86
		{AB428DFD-76D2-4165-83D2-EF262814ED50}.Ad-Hoc|x86.Deploy.0 = Release|x86
		{AB428DFD-76D2-4165-83D2-EF262814ED50}.AppStore|Any CPU.ActiveCfg = Release|Any CPU
		{AB428DFD-76D2-4165-83D2-EF262814ED50}.AppStore|Any CPU.Build.0 = Release|Any CPU
		{AB428DFD-76D2-4165-83D2-EF262814ED50}.AppStore|Any CPU.Deploy.0 = Release|Any CPU
		{AB428DFD-76D2-4165-83D2-EF262814ED50}.AppStore|ARM.ActiveCfg = Release|ARM
		{AB428DFD-76D2-4165-83D2-EF262814ED50}.AppStore|ARM.Build.0 = Release|ARM
		{AB428DFD-76D2-4165-83D2-EF262814ED50}.AppStore|ARM.Deploy.0 = Release|ARM
		{AB428DFD-76D2-4165-83D2-EF262814ED50}.AppStore|iPhone.ActiveCfg = Release|Any CPU
		{AB428DFD-76D2-4165-83D2-EF262814ED50}.AppStore|iPhone.Build.0 = Release|Any CPU
		{AB428DFD-76D2-4165-83D2-EF262814ED50}.AppStore|iPhone.Deploy.0 = Release|Any CPU
		{AB428DFD-76D2-4165-83D2-EF262814ED50}.AppStore|iPhoneSimulator.ActiveCfg = Release|Any CPU
		{AB428DFD-76D2-4165-83D2-EF262814ED50}.AppStore|iPhoneSimulator.Build.0 = Release|Any CPU
		{AB428DFD-76D2-4165-83D2-EF262814ED50}.AppStore|iPhoneSimulator.Deploy.0 = Release|Any CPU
		{AB428DFD-76D2-4165-83D2-EF262814ED50}.AppStore|x64.ActiveCfg = Release|x64
		{AB428DFD-76D2-4165-83D2-EF262814ED50}.AppStore|x64.Build.0 = Release|x64
		{AB428DFD-76D2-4165-83D2-EF262814ED50}.AppStore|x64.Deploy.0 = Release|x64
		{AB428DFD-76D2-4165-83D2-EF262814ED50}.AppStore|x86.ActiveCfg = Release|x86
		{AB428DFD-76D2-4165-83D2-EF262814ED50}.AppStore|x86.Build.0 = Release|x86
		{AB428DFD-76D2-4165-83D2-EF262814ED50}.AppStore|x86.Deploy.0 = Release|x86
		{AB428DFD-76D2-4165-83D2-EF262814ED50}.Debug|Any CPU.ActiveCfg = Debug|Any CPU
		{AB428DFD-76D2-4165-83D2-EF262814ED50}.Debug|ARM.ActiveCfg = Debug|ARM
		{AB428DFD-76D2-4165-83D2-EF262814ED50}.Debug|ARM.Build.0 = Debug|ARM
		{AB428DFD-76D2-4165-83D2-EF262814ED50}.Debug|ARM.Deploy.0 = Debug|ARM
		{AB428DFD-76D2-4165-83D2-EF262814ED50}.Debug|iPhone.ActiveCfg = Debug|Any CPU
		{AB428DFD-76D2-4165-83D2-EF262814ED50}.Debug|iPhone.Build.0 = Debug|Any CPU
		{AB428DFD-76D2-4165-83D2-EF262814ED50}.Debug|iPhone.Deploy.0 = Debug|Any CPU
		{AB428DFD-76D2-4165-83D2-EF262814ED50}.Debug|iPhoneSimulator.ActiveCfg = Debug|Any CPU
		{AB428DFD-76D2-4165-83D2-EF262814ED50}.Debug|iPhoneSimulator.Build.0 = Debug|Any CPU
		{AB428DFD-76D2-4165-83D2-EF262814ED50}.Debug|iPhoneSimulator.Deploy.0 = Debug|Any CPU
		{AB428DFD-76D2-4165-83D2-EF262814ED50}.Debug|x64.ActiveCfg = Debug|x64
		{AB428DFD-76D2-4165-83D2-EF262814ED50}.Debug|x64.Build.0 = Debug|x64
		{AB428DFD-76D2-4165-83D2-EF262814ED50}.Debug|x64.Deploy.0 = Debug|x64
		{AB428DFD-76D2-4165-83D2-EF262814ED50}.Debug|x86.ActiveCfg = Debug|x86
		{AB428DFD-76D2-4165-83D2-EF262814ED50}.Release|Any CPU.ActiveCfg = Release|Any CPU
		{AB428DFD-76D2-4165-83D2-EF262814ED50}.Release|Any CPU.Build.0 = Release|Any CPU
		{AB428DFD-76D2-4165-83D2-EF262814ED50}.Release|Any CPU.Deploy.0 = Release|Any CPU
		{AB428DFD-76D2-4165-83D2-EF262814ED50}.Release|ARM.ActiveCfg = Release|ARM
		{AB428DFD-76D2-4165-83D2-EF262814ED50}.Release|ARM.Build.0 = Release|ARM
		{AB428DFD-76D2-4165-83D2-EF262814ED50}.Release|ARM.Deploy.0 = Release|ARM
		{AB428DFD-76D2-4165-83D2-EF262814ED50}.Release|iPhone.ActiveCfg = Release|Any CPU
		{AB428DFD-76D2-4165-83D2-EF262814ED50}.Release|iPhone.Build.0 = Release|Any CPU
		{AB428DFD-76D2-4165-83D2-EF262814ED50}.Release|iPhone.Deploy.0 = Release|Any CPU
		{AB428DFD-76D2-4165-83D2-EF262814ED50}.Release|iPhoneSimulator.ActiveCfg = Release|Any CPU
		{AB428DFD-76D2-4165-83D2-EF262814ED50}.Release|iPhoneSimulator.Build.0 = Release|Any CPU
		{AB428DFD-76D2-4165-83D2-EF262814ED50}.Release|iPhoneSimulator.Deploy.0 = Release|Any CPU
		{AB428DFD-76D2-4165-83D2-EF262814ED50}.Release|x64.ActiveCfg = Release|x64
		{AB428DFD-76D2-4165-83D2-EF262814ED50}.Release|x64.Build.0 = Release|x64
		{AB428DFD-76D2-4165-83D2-EF262814ED50}.Release|x64.Deploy.0 = Release|x64
		{AB428DFD-76D2-4165-83D2-EF262814ED50}.Release|x86.ActiveCfg = Release|x86
		{AB428DFD-76D2-4165-83D2-EF262814ED50}.Release|x86.Build.0 = Release|x86
		{AB428DFD-76D2-4165-83D2-EF262814ED50}.Release|x86.Deploy.0 = Release|x86
	EndGlobalSection
	GlobalSection(SolutionProperties) = preSolution
		HideSolutionNode = FALSE
	EndGlobalSection
EndGlobal
